
Microsoft Visual Studio Solution File, Format Version 12.00
# Visual Studio Version 17
VisualStudioVersion = 17.3.32929.385
MinimumVisualStudioVersion = 10.0.40219.1
Project("{FAE04EC0-301F-11D3-BF4B-00C04F79EFBC}") = "RecommendationServices", "RecommendationServices\RecommendationServices.csproj", "{77042C71-F04A-4CC1-9ADD-952BD3FFE045}"
EndProject
Global
	GlobalSection(SolutionConfigurationPlatforms) = preSolution
		Debug|Any CPU = Debug|Any CPU
		Release|Any CPU = Release|Any CPU
	EndGlobalSection
	GlobalSection(ProjectConfigurationPlatforms) = postSolution
		{77042C71-F04A-4CC1-9ADD-952BD3FFE045}.Debug|Any CPU.ActiveCfg = Debug|Any CPU
		{77042C71-F04A-4CC1-9ADD-952BD3FFE045}.Debug|Any CPU.Build.0 = Debug|Any CPU
		{77042C71-F04A-4CC1-9ADD-952BD3FFE045}.Release|Any CPU.ActiveCfg = Release|Any CPU
		{77042C71-F04A-4CC1-9ADD-952BD3FFE045}.Release|Any CPU.Build.0 = Release|Any CPU
	EndGlobalSection
	GlobalSection(SolutionProperties) = preSolution
		HideSolutionNode = FALSE
	EndGlobalSection
	GlobalSection(ExtensibilityGlobals) = postSolution
		SolutionGuid = {8ED92182-E294-4C0F-B325-3CB398E18E58}
	EndGlobalSection
EndGlobal
